// !$*UTF8*$!
{
	archiveVersion = 1;
	classes = {
	};
	objectVersion = 46;
	objects = {

/* Begin PBXBuildFile section */
		7D4399581F34670A0079B362 /* AppDelegate.swift in Sources */ = {isa = PBXBuildFile; fileRef = 7D4399571F34670A0079B362 /* AppDelegate.swift */; };
		7D43995A1F34670A0079B362 /* ViewController.swift in Sources */ = {isa = PBXBuildFile; fileRef = 7D4399591F34670A0079B362 /* ViewController.swift */; };
		7D43995D1F34670A0079B362 /* Main.storyboard in Resources */ = {isa = PBXBuildFile; fileRef = 7D43995B1F34670A0079B362 /* Main.storyboard */; };
		7D43995F1F34670A0079B362 /* Assets.xcassets in Resources */ = {isa = PBXBuildFile; fileRef = 7D43995E1F34670A0079B362 /* Assets.xcassets */; };
		7D4399621F34670A0079B362 /* LaunchScreen.storyboard in Resources */ = {isa = PBXBuildFile; fileRef = 7D4399601F34670A0079B362 /* LaunchScreen.storyboard */; };
		7D43996D1F34670A0079B362 /* othmanTaskTests.swift in Sources */ = {isa = PBXBuildFile; fileRef = 7D43996C1F34670A0079B362 /* othmanTaskTests.swift */; };
		7D4399781F34670A0079B362 /* othmanTaskUITests.swift in Sources */ = {isa = PBXBuildFile; fileRef = 7D4399771F34670A0079B362 /* othmanTaskUITests.swift */; };
		7D4399861F348EC90079B362 /* WSHandler.swift in Sources */ = {isa = PBXBuildFile; fileRef = 7D4399851F348EC90079B362 /* WSHandler.swift */; };
		7D4399881F34A1930079B362 /* SwiftyJSON.swift in Sources */ = {isa = PBXBuildFile; fileRef = 7D4399871F34A1930079B362 /* SwiftyJSON.swift */; };
		7D43998B1F38AFB40079B362 /* rLogo.png in Resources */ = {isa = PBXBuildFile; fileRef = 7D43998A1F38AFB40079B362 /* rLogo.png */; };
		7D43998D1F38F0BE0079B362 /* profileImage.jpeg in Resources */ = {isa = PBXBuildFile; fileRef = 7D43998C1F38F0BE0079B362 /* profileImage.jpeg */; };
		7D43998F1F38F7DD0079B362 /* searchIcon.png in Resources */ = {isa = PBXBuildFile; fileRef = 7D43998E1F38F7DD0079B362 /* searchIcon.png */; };
		7D4399971F3907CD0079B362 /* yes.png in Resources */ = {isa = PBXBuildFile; fileRef = 7D4399901F3907CD0079B362 /* yes.png */; };
		7D4399981F3907CD0079B362 /* red.png in Resources */ = {isa = PBXBuildFile; fileRef = 7D4399911F3907CD0079B362 /* red.png */; };
		7D4399991F3907CD0079B362 /* phone.png in Resources */ = {isa = PBXBuildFile; fileRef = 7D4399921F3907CD0079B362 /* phone.png */; };
		7D43999A1F3907CD0079B362 /* orange.png in Resources */ = {isa = PBXBuildFile; fileRef = 7D4399931F3907CD0079B362 /* orange.png */; };
		7D43999B1F3907CD0079B362 /* mute.png in Resources */ = {isa = PBXBuildFile; fileRef = 7D4399941F3907CD0079B362 /* mute.png */; };
		7D43999C1F3907CD0079B362 /* clock.png in Resources */ = {isa = PBXBuildFile; fileRef = 7D4399951F3907CD0079B362 /* clock.png */; };
		7D43999D1F3907CD0079B362 /* blue.png in Resources */ = {isa = PBXBuildFile; fileRef = 7D4399961F3907CD0079B362 /* blue.png */; };
		7D43999F1F390A620079B362 /* cellTableViewCell.swift in Sources */ = {isa = PBXBuildFile; fileRef = 7D43999E1F390A620079B362 /* cellTableViewCell.swift */; };
		7D4399A11F390A8C0079B362 /* serImage.png in Resources */ = {isa = PBXBuildFile; fileRef = 7D4399A01F390A8C0079B362 /* serImage.png */; };
/* End PBXBuildFile section */

/* Begin PBXContainerItemProxy section */
		7D4399691F34670A0079B362 /* PBXContainerItemProxy */ = {
			isa = PBXContainerItemProxy;
			containerPortal = 7D43994C1F34670A0079B362 /* Project object */;
			proxyType = 1;
			remoteGlobalIDString = 7D4399531F34670A0079B362;
			remoteInfo = othmanTask;
		};
		7D4399741F34670A0079B362 /* PBXContainerItemProxy */ = {
			isa = PBXContainerItemProxy;
			containerPortal = 7D43994C1F34670A0079B362 /* Project object */;
			proxyType = 1;
			remoteGlobalIDString = 7D4399531F34670A0079B362;
			remoteInfo = othmanTask;
		};
/* End PBXContainerItemProxy section */

/* Begin PBXFileReference section */
		7D4399541F34670A0079B362 /* othmanTask.app */ = {isa = PBXFileReference; explicitFileType = wrapper.application; includeInIndex = 0; path = othmanTask.app; sourceTree = BUILT_PRODUCTS_DIR; };
		7D4399571F34670A0079B362 /* AppDelegate.swift */ = {isa = PBXFileReference; lastKnownFileType = sourcecode.swift; path = AppDelegate.swift; sourceTree = "<group>"; };
		7D4399591F34670A0079B362 /* ViewController.swift */ = {isa = PBXFileReference; lastKnownFileType = sourcecode.swift; path = ViewController.swift; sourceTree = "<group>"; };
		7D43995C1F34670A0079B362 /* Base */ = {isa = PBXFileReference; lastKnownFileType = file.storyboard; name = Base; path = Base.lproj/Main.storyboard; sourceTree = "<group>"; };
		7D43995E1F34670A0079B362 /* Assets.xcassets */ = {isa = PBXFileReference; lastKnownFileType = folder.assetcatalog; path = Assets.xcassets; sourceTree = "<group>"; };
		7D4399611F34670A0079B362 /* Base */ = {isa = PBXFileReference; lastKnownFileType = file.storyboard; name = Base; path = Base.lproj/LaunchScreen.storyboard; sourceTree = "<group>"; };
		7D4399631F34670A0079B362 /* Info.plist */ = {isa = PBXFileReference; lastKnownFileType = text.plist.xml; path = Info.plist; sourceTree = "<group>"; };
		7D4399681F34670A0079B362 /* othmanTaskTests.xctest */ = {isa = PBXFileReference; explicitFileType = wrapper.cfbundle; includeInIndex = 0; path = othmanTaskTests.xctest; sourceTree = BUILT_PRODUCTS_DIR; };
		7D43996C1F34670A0079B362 /* othmanTaskTests.swift */ = {isa = PBXFileReference; lastKnownFileType = sourcecode.swift; path = othmanTaskTests.swift; sourceTree = "<group>"; };
		7D43996E1F34670A0079B362 /* Info.plist */ = {isa = PBXFileReference; lastKnownFileType = text.plist.xml; path = Info.plist; sourceTree = "<group>"; };
		7D4399731F34670A0079B362 /* othmanTaskUITests.xctest */ = {isa = PBXFileReference; explicitFileType = wrapper.cfbundle; includeInIndex = 0; path = othmanTaskUITests.xctest; sourceTree = BUILT_PRODUCTS_DIR; };
		7D4399771F34670A0079B362 /* othmanTaskUITests.swift */ = {isa = PBXFileReference; lastKnownFileType = sourcecode.swift; path = othmanTaskUITests.swift; sourceTree = "<group>"; };
		7D4399791F34670A0079B362 /* Info.plist */ = {isa = PBXFileReference; lastKnownFileType = text.plist.xml; path = Info.plist; sourceTree = "<group>"; };
		7D4399851F348EC90079B362 /* WSHandler.swift */ = {isa = PBXFileReference; fileEncoding = 4; lastKnownFileType = sourcecode.swift; path = WSHandler.swift; sourceTree = "<group>"; };
		7D4399871F34A1930079B362 /* SwiftyJSON.swift */ = {isa = PBXFileReference; fileEncoding = 4; lastKnownFileType = sourcecode.swift; path = SwiftyJSON.swift; sourceTree = "<group>"; };
		7D43998A1F38AFB40079B362 /* rLogo.png */ = {isa = PBXFileReference; lastKnownFileType = image.png; path = rLogo.png; sourceTree = "<group>"; };
		7D43998C1F38F0BE0079B362 /* profileImage.jpeg */ = {isa = PBXFileReference; lastKnownFileType = image.jpeg; path = profileImage.jpeg; sourceTree = "<group>"; };
		7D43998E1F38F7DD0079B362 /* searchIcon.png */ = {isa = PBXFileReference; lastKnownFileType = image.png; path = searchIcon.png; sourceTree = "<group>"; };
		7D4399901F3907CD0079B362 /* yes.png */ = {isa = PBXFileReference; lastKnownFileType = image.png; path = yes.png; sourceTree = "<group>"; };
		7D4399911F3907CD0079B362 /* red.png */ = {isa = PBXFileReference; lastKnownFileType = image.png; path = red.png; sourceTree = "<group>"; };
		7D4399921F3907CD0079B362 /* phone.png */ = {isa = PBXFileReference; lastKnownFileType = image.png; path = phone.png; sourceTree = "<group>"; };
		7D4399931F3907CD0079B362 /* orange.png */ = {isa = PBXFileReference; lastKnownFileType = image.png; path = orange.png; sourceTree = "<group>"; };
		7D4399941F3907CD0079B362 /* mute.png */ = {isa = PBXFileReference; lastKnownFileType = image.png; path = mute.png; sourceTree = "<group>"; };
		7D4399951F3907CD0079B362 /* clock.png */ = {isa = PBXFileReference; lastKnownFileType = image.png; path = clock.png; sourceTree = "<group>"; };
		7D4399961F3907CD0079B362 /* blue.png */ = {isa = PBXFileReference; lastKnownFileType = image.png; path = blue.png; sourceTree = "<group>"; };
		7D43999E1F390A620079B362 /* cellTableViewCell.swift */ = {isa = PBXFileReference; fileEncoding = 4; lastKnownFileType = sourcecode.swift; path = cellTableViewCell.swift; sourceTree = "<group>"; };
		7D4399A01F390A8C0079B362 /* serImage.png */ = {isa = PBXFileReference; lastKnownFileType = image.png; path = serImage.png; sourceTree = "<group>"; };
/* End PBXFileReference section */

/* Begin PBXFrameworksBuildPhase section */
		7D4399511F34670A0079B362 /* Frameworks */ = {
			isa = PBXFrameworksBuildPhase;
			buildActionMask = 2147483647;
			files = (
			);
			runOnlyForDeploymentPostprocessing = 0;
		};
		7D4399651F34670A0079B362 /* Frameworks */ = {
			isa = PBXFrameworksBuildPhase;
			buildActionMask = 2147483647;
			files = (
			);
			runOnlyForDeploymentPostprocessing = 0;
		};
		7D4399701F34670A0079B362 /* Frameworks */ = {
			isa = PBXFrameworksBuildPhase;
			buildActionMask = 2147483647;
			files = (
			);
			runOnlyForDeploymentPostprocessing = 0;
		};
/* End PBXFrameworksBuildPhase section */

/* Begin PBXGroup section */
		7D43994B1F34670A0079B362 = {
			isa = PBXGroup;
			children = (
				7D4399561F34670A0079B362 /* othmanTask */,
				7D43996B1F34670A0079B362 /* othmanTaskTests */,
				7D4399761F34670A0079B362 /* othmanTaskUITests */,
				7D4399551F34670A0079B362 /* Products */,
			);
			sourceTree = "<group>";
		};
		7D4399551F34670A0079B362 /* Products */ = {
			isa = PBXGroup;
			children = (
				7D4399541F34670A0079B362 /* othmanTask.app */,
				7D4399681F34670A0079B362 /* othmanTaskTests.xctest */,
				7D4399731F34670A0079B362 /* othmanTaskUITests.xctest */,
			);
			name = Products;
			sourceTree = "<group>";
		};
		7D4399561F34670A0079B362 /* othmanTask */ = {
			isa = PBXGroup;
			children = (
				7D4399571F34670A0079B362 /* AppDelegate.swift */,
				7D4399591F34670A0079B362 /* ViewController.swift */,
				7D43999E1F390A620079B362 /* cellTableViewCell.swift */,
				7D4399871F34A1930079B362 /* SwiftyJSON.swift */,
				7D4399851F348EC90079B362 /* WSHandler.swift */,
				7D43995B1F34670A0079B362 /* Main.storyboard */,
				7D43998A1F38AFB40079B362 /* rLogo.png */,
				7D43998C1F38F0BE0079B362 /* profileImage.jpeg */,
				7D43998E1F38F7DD0079B362 /* searchIcon.png */,
				7D4399901F3907CD0079B362 /* yes.png */,
				7D4399911F3907CD0079B362 /* red.png */,
				7D4399921F3907CD0079B362 /* phone.png */,
				7D4399931F3907CD0079B362 /* orange.png */,
				7D4399941F3907CD0079B362 /* mute.png */,
				7D4399951F3907CD0079B362 /* clock.png */,
				7D4399961F3907CD0079B362 /* blue.png */,
				7D4399A01F390A8C0079B362 /* serImage.png */,
				7D43995E1F34670A0079B362 /* Assets.xcassets */,
				7D4399601F34670A0079B362 /* LaunchScreen.storyboard */,
				7D4399631F34670A0079B362 /* Info.plist */,
			);
			path = othmanTask;
			sourceTree = "<group>";
		};
		7D43996B1F34670A0079B362 /* othmanTaskTests */ = {
			isa = PBXGroup;
			children = (
				7D43996C1F34670A0079B362 /* othmanTaskTests.swift */,
				7D43996E1F34670A0079B362 /* Info.plist */,
			);
			path = othmanTaskTests;
			sourceTree = "<group>";
		};
		7D4399761F34670A0079B362 /* othmanTaskUITests */ = {
			isa = PBXGroup;
			children = (
				7D4399771F34670A0079B362 /* othmanTaskUITests.swift */,
				7D4399791F34670A0079B362 /* Info.plist */,
			);
			path = othmanTaskUITests;
			sourceTree = "<group>";
		};
/* End PBXGroup section */

/* Begin PBXNativeTarget section */
		7D4399531F34670A0079B362 /* othmanTask */ = {
			isa = PBXNativeTarget;
			buildConfigurationList = 7D43997C1F34670A0079B362 /* Build configuration list for PBXNativeTarget "othmanTask" */;
			buildPhases = (
				7D4399501F34670A0079B362 /* Sources */,
				7D4399511F34670A0079B362 /* Frameworks */,
				7D4399521F34670A0079B362 /* Resources */,
			);
			buildRules = (
			);
			dependencies = (
			);
			name = othmanTask;
			productName = othmanTask;
			productReference = 7D4399541F34670A0079B362 /* othmanTask.app */;
			productType = "com.apple.product-type.application";
		};
		7D4399671F34670A0079B362 /* othmanTaskTests */ = {
			isa = PBXNativeTarget;
			buildConfigurationList = 7D43997F1F34670A0079B362 /* Build configuration list for PBXNativeTarget "othmanTaskTests" */;
			buildPhases = (
				7D4399641F34670A0079B362 /* Sources */,
				7D4399651F34670A0079B362 /* Frameworks */,
				7D4399661F34670A0079B362 /* Resources */,
			);
			buildRules = (
			);
			dependencies = (
				7D43996A1F34670A0079B362 /* PBXTargetDependency */,
			);
			name = othmanTaskTests;
			productName = othmanTaskTests;
			productReference = 7D4399681F34670A0079B362 /* othmanTaskTests.xctest */;
			productType = "com.apple.product-type.bundle.unit-test";
		};
		7D4399721F34670A0079B362 /* othmanTaskUITests */ = {
			isa = PBXNativeTarget;
			buildConfigurationList = 7D4399821F34670A0079B362 /* Build configuration list for PBXNativeTarget "othmanTaskUITests" */;
			buildPhases = (
				7D43996F1F34670A0079B362 /* Sources */,
				7D4399701F34670A0079B362 /* Frameworks */,
				7D4399711F34670A0079B362 /* Resources */,
			);
			buildRules = (
			);
			dependencies = (
				7D4399751F34670A0079B362 /* PBXTargetDependency */,
			);
			name = othmanTaskUITests;
			productName = othmanTaskUITests;
			productReference = 7D4399731F34670A0079B362 /* othmanTaskUITests.xctest */;
			productType = "com.apple.product-type.bundle.ui-testing";
		};
/* End PBXNativeTarget section */

/* Begin PBXProject section */
		7D43994C1F34670A0079B362 /* Project object */ = {
			isa = PBXProject;
			attributes = {
				LastSwiftUpdateCheck = 0830;
				LastUpgradeCheck = 0830;
				ORGANIZATIONNAME = "Mohammad Othman";
				TargetAttributes = {
					7D4399531F34670A0079B362 = {
						CreatedOnToolsVersion = 8.3.3;
						DevelopmentTeam = EXHUC9W3H8;
						ProvisioningStyle = Automatic;
					};
					7D4399671F34670A0079B362 = {
						CreatedOnToolsVersion = 8.3.3;
						DevelopmentTeam = EXHUC9W3H8;
						ProvisioningStyle = Automatic;
						TestTargetID = 7D4399531F34670A0079B362;
					};
					7D4399721F34670A0079B362 = {
						CreatedOnToolsVersion = 8.3.3;
						DevelopmentTeam = EXHUC9W3H8;
						ProvisioningStyle = Automatic;
						TestTargetID = 7D4399531F34670A0079B362;
					};
				};
			};
			buildConfigurationList = 7D43994F1F34670A0079B362 /* Build configuration list for PBXProject "othmanTask" */;
			compatibilityVersion = "Xcode 3.2";
			developmentRegion = English;
			hasScannedForEncodings = 0;
			knownRegions = (
				en,
				Base,
			);
			mainGroup = 7D43994B1F34670A0079B362;
			productRefGroup = 7D4399551F34670A0079B362 /* Products */;
			projectDirPath = "";
			projectRoot = "";
			targets = (
				7D4399531F34670A0079B362 /* othmanTask */,
				7D4399671F34670A0079B362 /* othmanTaskTests */,
				7D4399721F34670A0079B362 /* othmanTaskUITests */,
			);
		};
/* End PBXProject section */

/* Begin PBXResourcesBuildPhase section */
		7D4399521F34670A0079B362 /* Resources */ = {
			isa = PBXResourcesBuildPhase;
			buildActionMask = 2147483647;
			files = (
				7D43999C1F3907CD0079B362 /* clock.png in Resources */,
				7D4399621F34670A0079B362 /* LaunchScreen.storyboard in Resources */,
				7D43995F1F34670A0079B362 /* Assets.xcassets in Resources */,
				7D43998F1F38F7DD0079B362 /* searchIcon.png in Resources */,
				7D43999A1F3907CD0079B362 /* orange.png in Resources */,
				7D4399971F3907CD0079B362 /* yes.png in Resources */,
				7D43999D1F3907CD0079B362 /* blue.png in Resources */,
				7D43995D1F34670A0079B362 /* Main.storyboard in Resources */,
				7D4399991F3907CD0079B362 /* phone.png in Resources */,
				7D4399981F3907CD0079B362 /* red.png in Resources */,
				7D4399A11F390A8C0079B362 /* serImage.png in Resources */,
				7D43999B1F3907CD0079B362 /* mute.png in Resources */,
				7D43998D1F38F0BE0079B362 /* profileImage.jpeg in Resources */,
				7D43998B1F38AFB40079B362 /* rLogo.png in Resources */,
			);
			runOnlyForDeploymentPostprocessing = 0;
		};
		7D4399661F34670A0079B362 /* Resources */ = {
			isa = PBXResourcesBuildPhase;
			buildActionMask = 2147483647;
			files = (
			);
			runOnlyForDeploymentPostprocessing = 0;
		};
		7D4399711F34670A0079B362 /* Resources */ = {
			isa = PBXResourcesBuildPhase;
			buildActionMask = 2147483647;
			files = (
			);
			runOnlyForDeploymentPostprocessing = 0;
		};
/* End PBXResourcesBuildPhase section */

/* Begin PBXSourcesBuildPhase section */
		7D4399501F34670A0079B362 /* Sources */ = {
			isa = PBXSourcesBuildPhase;
			buildActionMask = 2147483647;
			files = (
				7D4399861F348EC90079B362 /* WSHandler.swift in Sources */,
				7D43995A1F34670A0079B362 /* ViewController.swift in Sources */,
				7D4399581F34670A0079B362 /* AppDelegate.swift in Sources */,
				7D43999F1F390A620079B362 /* cellTableViewCell.swift in Sources */,
				7D4399881F34A1930079B362 /* SwiftyJSON.swift in Sources */,
			);
			runOnlyForDeploymentPostprocessing = 0;
		};
		7D4399641F34670A0079B362 /* Sources */ = {
			isa = PBXSourcesBuildPhase;
			buildActionMask = 2147483647;
			files = (
				7D43996D1F34670A0079B362 /* othmanTaskTests.swift in Sources */,
			);
			runOnlyForDeploymentPostprocessing = 0;
		};
		7D43996F1F34670A0079B362 /* Sources */ = {
			isa = PBXSourcesBuildPhase;
			buildActionMask = 2147483647;
			files = (
				7D4399781F34670A0079B362 /* othmanTaskUITests.swift in Sources */,
			);
			runOnlyForDeploymentPostprocessing = 0;
		};
/* End PBXSourcesBuildPhase section */

/* Begin PBXTargetDependency section */
		7D43996A1F34670A0079B362 /* PBXTargetDependency */ = {
			isa = PBXTargetDependency;
			target = 7D4399531F34670A0079B362 /* othmanTask */;
			targetProxy = 7D4399691F34670A0079B362 /* PBXContainerItemProxy */;
		};
		7D4399751F34670A0079B362 /* PBXTargetDependency */ = {
			isa = PBXTargetDependency;
			target = 7D4399531F34670A0079B362 /* othmanTask */;
			targetProxy = 7D4399741F34670A0079B362 /* PBXContainerItemProxy */;
		};
/* End PBXTargetDependency section */

/* Begin PBXVariantGroup section */
		7D43995B1F34670A0079B362 /* Main.storyboard */ = {
			isa = PBXVariantGroup;
			children = (
				7D43995C1F34670A0079B362 /* Base */,
			);
			name = Main.storyboard;
			sourceTree = "<group>";
		};
		7D4399601F34670A0079B362 /* LaunchScreen.storyboard */ = {
			isa = PBXVariantGroup;
			children = (
				7D4399611F34670A0079B362 /* Base */,
			);
			name = LaunchScreen.storyboard;
			sourceTree = "<group>";
		};
/* End PBXVariantGroup section */

/* Begin XCBuildConfiguration section */
		7D43997A1F34670A0079B362 /* Debug */ = {
			isa = XCBuildConfiguration;
			buildSettings = {
				ALWAYS_SEARCH_USER_PATHS = NO;
				CLANG_ANALYZER_NONNULL = YES;
				CLANG_ANALYZER_NUMBER_OBJECT_CONVERSION = YES_AGGRESSIVE;
				CLANG_CXX_LANGUAGE_STANDARD = "gnu++0x";
				CLANG_CXX_LIBRARY = "libc++";
				CLANG_ENABLE_MODULES = YES;
				CLANG_ENABLE_OBJC_ARC = YES;
				CLANG_WARN_BOOL_CONVERSION = YES;
				CLANG_WARN_CONSTANT_CONVERSION = YES;
				CLANG_WARN_DIRECT_OBJC_ISA_USAGE = YES_ERROR;
				CLANG_WARN_DOCUMENTATION_COMMENTS = YES;
				CLANG_WARN_EMPTY_BODY = YES;
				CLANG_WARN_ENUM_CONVERSION = YES;
				CLANG_WARN_INFINITE_RECURSION = YES;
				CLANG_WARN_INT_CONVERSION = YES;
				CLANG_WARN_OBJC_ROOT_CLASS = YES_ERROR;
				CLANG_WARN_SUSPICIOUS_MOVE = YES;
				CLANG_WARN_UNREACHABLE_CODE = YES;
				CLANG_WARN__DUPLICATE_METHOD_MATCH = YES;
				"CODE_SIGN_IDENTITY[sdk=iphoneos*]" = "iPhone Developer";
				COPY_PHASE_STRIP = NO;
				DEBUG_INFORMATION_FORMAT = dwarf;
				ENABLE_STRICT_OBJC_MSGSEND = YES;
				ENABLE_TESTABILITY = YES;
				GCC_C_LANGUAGE_STANDARD = gnu99;
				GCC_DYNAMIC_NO_PIC = NO;
				GCC_NO_COMMON_BLOCKS = YES;
				GCC_OPTIMIZATION_LEVEL = 0;
				GCC_PREPROCESSOR_DEFINITIONS = (
					"DEBUG=1",
					"$(inherited)",
				);
				GCC_WARN_64_TO_32_BIT_CONVERSION = YES;
				GCC_WARN_ABOUT_RETURN_TYPE = YES_ERROR;
				GCC_WARN_UNDECLARED_SELECTOR = YES;
				GCC_WARN_UNINITIALIZED_AUTOS = YES_AGGRESSIVE;
				GCC_WARN_UNUSED_FUNCTION = YES;
				GCC_WARN_UNUSED_VARIABLE = YES;
				IPHONEOS_DEPLOYMENT_TARGET = 10.3;
				MTL_ENABLE_DEBUG_INFO = YES;
				ONLY_ACTIVE_ARCH = YES;
				SDKROOT = iphoneos;
				SWIFT_ACTIVE_COMPILATION_CONDITIONS = DEBUG;
				SWIFT_OPTIMIZATION_LEVEL = "-Onone";
				TARGETED_DEVICE_FAMILY = 2;
			};
			name = Debug;
		};
		7D43997B1F34670A0079B362 /* Release */ = {
			isa = XCBuildConfiguration;
			buildSettings = {
				ALWAYS_SEARCH_USER_PATHS = NO;
				CLANG_ANALYZER_NONNULL = YES;
				CLANG_ANALYZER_NUMBER_OBJECT_CONVERSION = YES_AGGRESSIVE;
				CLANG_CXX_LANGUAGE_STANDARD = "gnu++0x";
				CLANG_CXX_LIBRARY = "libc++";
				CLANG_ENABLE_MODULES = YES;
				CLANG_ENABLE_OBJC_ARC = YES;
				CLANG_WARN_BOOL_CONVERSION = YES;
				CLANG_WARN_CONSTANT_CONVERSION = YES;
				CLANG_WARN_DIRECT_OBJC_ISA_USAGE = YES_ERROR;
				CLANG_WARN_DOCUMENTATION_COMMENTS = YES;
				CLANG_WARN_EMPTY_BODY = YES;
				CLANG_WARN_ENUM_CONVERSION = YES;
				CLANG_WARN_INFINITE_RECURSION = YES;
				CLANG_WARN_INT_CONVERSION = YES;
				CLANG_WARN_OBJC_ROOT_CLASS = YES_ERROR;
				CLANG_WARN_SUSPICIOUS_MOVE = YES;
				CLANG_WARN_UNREACHABLE_CODE = YES;
				CLANG_WARN__DUPLICATE_METHOD_MATCH = YES;
				"CODE_SIGN_IDENTITY[sdk=iphoneos*]" = "iPhone Developer";
				COPY_PHASE_STRIP = NO;
				DEBUG_INFORMATION_FORMAT = "dwarf-with-dsym";
				ENABLE_NS_ASSERTIONS = NO;
				ENABLE_STRICT_OBJC_MSGSEND = YES;
				GCC_C_LANGUAGE_STANDARD = gnu99;
				GCC_NO_COMMON_BLOCKS = YES;
				GCC_WARN_64_TO_32_BIT_CONVERSION = YES;
				GCC_WARN_ABOUT_RETURN_TYPE = YES_ERROR;
				GCC_WARN_UNDECLARED_SELECTOR = YES;
				GCC_WARN_UNINITIALIZED_AUTOS = YES_AGGRESSIVE;
				GCC_WARN_UNUSED_FUNCTION = YES;
				GCC_WARN_UNUSED_VARIABLE = YES;
				IPHONEOS_DEPLOYMENT_TARGET = 10.3;
				MTL_ENABLE_DEBUG_INFO = NO;
				SDKROOT = iphoneos;
				SWIFT_OPTIMIZATION_LEVEL = "-Owholemodule";
				TARGETED_DEVICE_FAMILY = 2;
				VALIDATE_PRODUCT = YES;
			};
			name = Release;
		};
		7D43997D1F34670A0079B362 /* Debug */ = {
			isa = XCBuildConfiguration;
			buildSettings = {
				ASSETCATALOG_COMPILER_APPICON_NAME = AppIcon;
				DEVELOPMENT_TEAM = EXHUC9W3H8;
				INFOPLIST_FILE = othmanTask/Info.plist;
				LD_RUNPATH_SEARCH_PATHS = "$(inherited) @executable_path/Frameworks";
				PRODUCT_BUNDLE_IDENTIFIER = Othman.othmanTask;
				PRODUCT_NAME = "$(TARGET_NAME)";
				SWIFT_VERSION = 3.0;
			};
			name = Debug;
		};
		7D43997E1F34670A0079B362 /* Release */ = {
			isa = XCBuildConfiguration;
			buildSettings = {
				ASSETCATALOG_COMPILER_APPICON_NAME = AppIcon;
				DEVELOPMENT_TEAM = EXHUC9W3H8;
				INFOPLIST_FILE = othmanTask/Info.plist;
				LD_RUNPATH_SEARCH_PATHS = "$(inherited) @executable_path/Frameworks";
				PRODUCT_BUNDLE_IDENTIFIER = Othman.othmanTask;
				PRODUCT_NAME = "$(TARGET_NAME)";
				SWIFT_VERSION = 3.0;
			};
			name = Release;
		};
		7D4399801F34670A0079B362 /* Debug */ = {
			isa = XCBuildConfiguration;
			buildSettings = {
				ALWAYS_EMBED_SWIFT_STANDARD_LIBRARIES = YES;
				BUNDLE_LOADER = "$(TEST_HOST)";
				DEVELOPMENT_TEAM = EXHUC9W3H8;
				INFOPLIST_FILE = othmanTaskTests/Info.plist;
				LD_RUNPATH_SEARCH_PATHS = "$(inherited) @executable_path/Frameworks @loader_path/Frameworks";
				PRODUCT_BUNDLE_IDENTIFIER = Othman.othmanTaskTests;
				PRODUCT_NAME = "$(TARGET_NAME)";
				SWIFT_VERSION = 3.0;
				TEST_HOST = "$(BUILT_PRODUCTS_DIR)/othmanTask.app/othmanTask";
			};
			name = Debug;
		};
		7D4399811F34670A0079B362 /* Release */ = {
			isa = XCBuildConfiguration;
			buildSettings = {
				ALWAYS_EMBED_SWIFT_STANDARD_LIBRARIES = YES;
				BUNDLE_LOADER = "$(TEST_HOST)";
				DEVELOPMENT_TEAM = EXHUC9W3H8;
				INFOPLIST_FILE = othmanTaskTests/Info.plist;
				LD_RUNPATH_SEARCH_PATHS = "$(inherited) @executable_path/Frameworks @loader_path/Frameworks";
				PRODUCT_BUNDLE_IDENTIFIER = Othman.othmanTaskTests;
				PRODUCT_NAME = "$(TARGET_NAME)";
				SWIFT_VERSION = 3.0;
				TEST_HOST = "$(BUILT_PRODUCTS_DIR)/othmanTask.app/othmanTask";
			};
			name = Release;
		};
		7D4399831F34670A0079B362 /* Debug */ = {
			isa = XCBuildConfiguration;
			buildSettings = {
				ALWAYS_EMBED_SWIFT_STANDARD_LIBRARIES = YES;
				DEVELOPMENT_TEAM = EXHUC9W3H8;
				INFOPLIST_FILE = othmanTaskUITests/Info.plist;
				LD_RUNPATH_SEARCH_PATHS = "$(inherited) @executable_path/Frameworks @loader_path/Frameworks";
				PRODUCT_BUNDLE_IDENTIFIER = Othman.othmanTaskUITests;
				PRODUCT_NAME = "$(TARGET_NAME)";
				SWIFT_VERSION = 3.0;
				TEST_TARGET_NAME = othmanTask;
			};
			name = Debug;
		};
		7D4399841F34670A0079B362 /* Release */ = {
			isa = XCBuildConfiguration;
			buildSettings = {
				ALWAYS_EMBED_SWIFT_STANDARD_LIBRARIES = YES;
				DEVELOPMENT_TEAM = EXHUC9W3H8;
				INFOPLIST_FILE = othmanTaskUITests/Info.plist;
				LD_RUNPATH_SEARCH_PATHS = "$(inherited) @executable_path/Frameworks @loader_path/Frameworks";
				PRODUCT_BUNDLE_IDENTIFIER = Othman.othmanTaskUITests;
				PRODUCT_NAME = "$(TARGET_NAME)";
				SWIFT_VERSION = 3.0;
				TEST_TARGET_NAME = othmanTask;
			};
			name = Release;
		};
/* End XCBuildConfiguration section */

/* Begin XCConfigurationList section */
		7D43994F1F34670A0079B362 /* Build configuration list for PBXProject "othmanTask" */ = {
			isa = XCConfigurationList;
			buildConfigurations = (
				7D43997A1F34670A0079B362 /* Debug */,
				7D43997B1F34670A0079B362 /* Release */,
			);
			defaultConfigurationIsVisible = 0;
			defaultConfigurationName = Release;
		};
		7D43997C1F34670A0079B362 /* Build configuration list for PBXNativeTarget "othmanTask" */ = {
			isa = XCConfigurationList;
			buildConfigurations = (
				7D43997D1F34670A0079B362 /* Debug */,
				7D43997E1F34670A0079B362 /* Release */,
			);
			defaultConfigurationIsVisible = 0;
			defaultConfigurationName = Release;
		};
		7D43997F1F34670A0079B362 /* Build configuration list for PBXNativeTarget "othmanTaskTests" */ = {
			isa = XCConfigurationList;
			buildConfigurations = (
				7D4399801F34670A0079B362 /* Debug */,
				7D4399811F34670A0079B362 /* Release */,
			);
			defaultConfigurationIsVisible = 0;
			defaultConfigurationName = Release;
		};
		7D4399821F34670A0079B362 /* Build configuration list for PBXNativeTarget "othmanTaskUITests" */ = {
			isa = XCConfigurationList;
			buildConfigurations = (
				7D4399831F34670A0079B362 /* Debug */,
				7D4399841F34670A0079B362 /* Release */,
			);
			defaultConfigurationIsVisible = 0;
			defaultConfigurationName = Release;
		};
/* End XCConfigurationList section */
	};
	rootObject = 7D43994C1F34670A0079B362 /* Project object */;
}
